<?xml version="1.0" encoding="utf-8"?>
<Project ToolsVersion="4.0" xmlns="http://schemas.microsoft.com/developer/msbuild/2003">
  <ItemGroup>
    <ClCompile Include="Application.cpp" />
    <ClCompile Include="Game\Game.cpp" />
    <ClCompile Include="Rendering\Display\DisplayManager.cpp" />
    <ClCompile Include="Game\TemplateGame.cpp" />
    <ClCompile Include="Rendering\Shaders\Shader.cpp" />
    <ClCompile Include="Game\GameTime.cpp" />
    <ClCompile Include="Input\Input.cpp" />
    <ClCompile Include="Rendering\Cameras\Camera2d.cpp" />
    <ClCompile Include="Rendering\Sprites\SpriteShader.cpp" />
    <ClCompile Include="Rendering\Sprites\Texture2d.cpp" />
    <ClCompile Include="Rendering\Sprites\SpriteRenderer.cpp" />
    <ClCompile Include="Util\AssetManagment\AssetManager.cpp" />
    <ClCompile Include="Util\base64.cpp" />
  </ItemGroup>
  <ItemGroup>
    <ClInclude Include="Game\Game.h" />
    <ClInclude Include="Util\linmath.h" />
    <ClInclude Include="Rendering\Display\DisplayManager.h" />
    <ClInclude Include="Game\TemplateGame.h" />
    <ClInclude Include="Rendering\Shaders\Shader.h" />
    <ClInclude Include="Game\GameTime.h" />
    <ClInclude Include="Input\Input.h" />
    <ClInclude Include="Rendering\Cameras\Camera2d.h" />
    <ClInclude Include="Rendering\Sprites\SpriteShader.h" />
    <ClInclude Include="Rendering\Sprites\Texture2d.h" />
    <ClInclude Include="Rendering\Sprites\SpriteRenderer.h" />
    <ClInclude Include="Util\AssetManagment\AssetManager.h" />
    <ClInclude Include="Util\stb_image.h" />
    <ClInclude Include="Util\base64.h" />
    <ClInclude Include="Util\FileUtils.h" />
  </ItemGroup>
  <ItemGroup>
    <None Include="Shaders\sprite.vert" />
    <None Include="Shaders\sprite.frag" />
  </ItemGroup>
</Project>